
Microsoft Visual Studio Solution File, Format Version 12.00
# Visual Studio Version 16
VisualStudioVersion = 16.0.32002.261
MinimumVisualStudioVersion = 10.0.40219.1
Project("{FAE04EC0-301F-11D3-BF4B-00C04F79EFBC}") = "Microservices", "Microservices\Microservices.csproj", "{82B098AE-63F6-4BCC-8CB3-BEE2F8315C30}"
EndProject
Project("{FAE04EC0-301F-11D3-BF4B-00C04F79EFBC}") = "Microservices.PlatformService", "Microservices.Platform\Microservices.PlatformService.csproj", "{B85076E1-CBE7-4B21-AA9E-680B7D1B1BE1}"
EndProject
Global
	GlobalSection(SolutionConfigurationPlatforms) = preSolution
		Debug|Any CPU = Debug|Any CPU
		Release|Any CPU = Release|Any CPU
	EndGlobalSection
	GlobalSection(ProjectConfigurationPlatforms) = postSolution
		{82B098AE-63F6-4BCC-8CB3-BEE2F8315C30}.Debug|Any CPU.ActiveCfg = Debug|Any CPU
		{82B098AE-63F6-4BCC-8CB3-BEE2F8315C30}.Debug|Any CPU.Build.0 = Debug|Any CPU
		{82B098AE-63F6-4BCC-8CB3-BEE2F8315C30}.Release|Any CPU.ActiveCfg = Release|Any CPU
		{82B098AE-63F6-4BCC-8CB3-BEE2F8315C30}.Release|Any CPU.Build.0 = Release|Any CPU
		{B85076E1-CBE7-4B21-AA9E-680B7D1B1BE1}.Debug|Any CPU.ActiveCfg = Debug|Any CPU
		{B85076E1-CBE7-4B21-AA9E-680B7D1B1BE1}.Debug|Any CPU.Build.0 = Debug|Any CPU
		{B85076E1-CBE7-4B21-AA9E-680B7D1B1BE1}.Release|Any CPU.ActiveCfg = Release|Any CPU
		{B85076E1-CBE7-4B21-AA9E-680B7D1B1BE1}.Release|Any CPU.Build.0 = Release|Any CPU
	EndGlobalSection
	GlobalSection(SolutionProperties) = preSolution
		HideSolutionNode = FALSE
	EndGlobalSection
	GlobalSection(ExtensibilityGlobals) = postSolution
		SolutionGuid = {3C82EE14-9976-4E6A-BE43-25ED472C6FF8}
	EndGlobalSection
EndGlobal
